<?xml version="1.0" encoding="utf-8"?>
<Project ToolsVersion="4.0" xmlns="http://schemas.microsoft.com/developer/msbuild/2003">
  <ItemGroup>
    <Filter Include="Source Files">
      <UniqueIdentifier>{4FC737F1-C7A5-4376-A066-2A32D752A2FF}</UniqueIdentifier>
      <Extensions>cpp;c;cc;cxx;c++;cppm;ixx;def;odl;idl;hpj;bat;asm;asmx</Extensions>
    </Filter>
    <Filter Include="Header Files">
      <UniqueIdentifier>{93995380-89BD-4b04-88EB-625FBE52EBFB}</UniqueIdentifier>
      <Extensions>h;hh;hpp;hxx;h++;hm;inl;inc;ipp;xsd</Extensions>
    </Filter>
    <Filter Include="Resource Files">
      <UniqueIdentifier>{67DA6AB6-F800-4c08-8B7A-83BB121AAD01}</UniqueIdentifier>
      <Extensions>rc;ico;cur;bmp;dlg;rc2;rct;bin;rgs;gif;jpg;jpeg;jpe;resx;tiff;tif;png;wav;mfcribbon-ms</Extensions>
    </Filter>
  </ItemGroup>
  <ItemGroup>
    <ClInclude Include="framework.h">
      <Filter>Header Files</Filter>
    </ClInclude>
    <ClInclude Include="pch.h">
      <Filter>Header Files</Filter>
    </ClInclude>
    <ClInclude Include="core.h">
      <Filter>Header Files</Filter>
    </ClInclude>
    <ClInclude Include="patches.h">
      <Filter>Header Files</Filter>
    </ClInclude>
    <ClInclude Include="memory.h">
      <Filter>Header Files</Filter>
    </ClInclude>
    <ClInclude Include="logging.h">
      <Filter>Header Files</Filter>
    </ClInclude>
    <ClInclude Include="game.h">
      <Filter>Header Files</Filter>
    </ClInclude>
    <ClInclude Include="hooking.h">
      <Filter>Header Files</Filter>
    </ClInclude>
    <ClInclude Include="filesystem.h">
      <Filter>Header Files</Filter>
    </ClInclude>
    <ClInclude Include="util.h">
      <Filter>Header Files</Filter>
    </ClInclude>
    <ClInclude Include="demonware.h">
      <Filter>Header Files</Filter>
    </ClInclude>
    <ClInclude Include="ceg.h">
      <Filter>Header Files</Filter>
    </ClInclude>
    <ClInclude Include="steam\api.h">
      <Filter>Header Files</Filter>
    </ClInclude>
    <ClInclude Include="steam\Common\AppsCommon.h">
      <Filter>Header Files</Filter>
    </ClInclude>
    <ClInclude Include="steam\Common\AppTicketCommon.h">
      <Filter>Header Files</Filter>
    </ClInclude>
    <ClInclude Include="steam\Common\BillingCommon.h">
      <Filter>Header Files</Filter>
    </ClInclude>
    <ClInclude Include="steam\Common\BridgeCommon.h">
      <Filter>Header Files</Filter>
    </ClInclude>
    <ClInclude Include="steam\Common\ClientCommon.h">
      <Filter>Header Files</Filter>
    </ClInclude>
    <ClInclude Include="steam\Common\ContentServerCommon.h">
      <Filter>Header Files</Filter>
    </ClInclude>
    <ClInclude Include="steam\Common\ControllerCommon.h">
      <Filter>Header Files</Filter>
    </ClInclude>
    <ClInclude Include="steam\Common\FriendCommon.h">
      <Filter>Header Files</Filter>
    </ClInclude>
    <ClInclude Include="steam\Common\FriendsCommon.h">
      <Filter>Header Files</Filter>
    </ClInclude>
    <ClInclude Include="steam\Common\GameCoordinatorCommon.h">
      <Filter>Header Files</Filter>
    </ClInclude>
    <ClInclude Include="steam\Common\GameServerCommon.h">
      <Filter>Header Files</Filter>
    </ClInclude>
    <ClInclude Include="steam\Common\GameServerStatsCommon.h">
      <Filter>Header Files</Filter>
    </ClInclude>
    <ClInclude Include="steam\Common\GameStatsCommon.h">
      <Filter>Header Files</Filter>
    </ClInclude>
    <ClInclude Include="steam\Common\HTTPCommon.h">
      <Filter>Header Files</Filter>
    </ClInclude>
    <ClInclude Include="steam\Common\MasterServerUpdaterCommon.h">
      <Filter>Header Files</Filter>
    </ClInclude>
    <ClInclude Include="steam\Common\MatchmakingCommon.h">
      <Filter>Header Files</Filter>
    </ClInclude>
    <ClInclude Include="steam\Common\MatchmakingServersCommon.h">
      <Filter>Header Files</Filter>
    </ClInclude>
    <ClInclude Include="steam\Common\MusicCommon.h">
      <Filter>Header Files</Filter>
    </ClInclude>
    <ClInclude Include="steam\Common\NetworkingCommon.h">
      <Filter>Header Files</Filter>
    </ClInclude>
    <ClInclude Include="steam\Common\OAuthCommon.h">
      <Filter>Header Files</Filter>
    </ClInclude>
    <ClInclude Include="steam\Common\RemoteStorageCommon.h">
      <Filter>Header Files</Filter>
    </ClInclude>
    <ClInclude Include="steam\Common\ScreenshotsCommon.h">
      <Filter>Header Files</Filter>
    </ClInclude>
    <ClInclude Include="steam\Common\StreamLauncherCommon.h">
      <Filter>Header Files</Filter>
    </ClInclude>
    <ClInclude Include="steam\Common\UGCCommon.h">
      <Filter>Header Files</Filter>
    </ClInclude>
    <ClInclude Include="steam\Common\UnifiedMessagesCommon.h">
      <Filter>Header Files</Filter>
    </ClInclude>
    <ClInclude Include="steam\Common\UserCommon.h">
      <Filter>Header Files</Filter>
    </ClInclude>
    <ClInclude Include="steam\Common\UserStatsCommon.h">
      <Filter>Header Files</Filter>
    </ClInclude>
    <ClInclude Include="steam\Common\UtilsCommon.h">
      <Filter>Header Files</Filter>
    </ClInclude>
    <ClInclude Include="steam\Interfaces\IClientAppManager.h">
      <Filter>Header Files</Filter>
    </ClInclude>
    <ClInclude Include="steam\Interfaces\IClientApps.h">
      <Filter>Header Files</Filter>
    </ClInclude>
    <ClInclude Include="steam\Interfaces\IClientAudio.h">
      <Filter>Header Files</Filter>
    </ClInclude>
    <ClInclude Include="steam\Interfaces\IClientBilling.h">
      <Filter>Header Files</Filter>
    </ClInclude>
    <ClInclude Include="steam\Interfaces\IClientConfigStore.h">
      <Filter>Header Files</Filter>
    </ClInclude>
    <ClInclude Include="steam\Interfaces\IClientContentServer.h">
      <Filter>Header Files</Filter>
    </ClInclude>
    <ClInclude Include="steam\Interfaces\IClientDepotBuilder.h">
      <Filter>Header Files</Filter>
    </ClInclude>
    <ClInclude Include="steam\Interfaces\IClientDeviceAuth.h">
      <Filter>Header Files</Filter>
    </ClInclude>
    <ClInclude Include="steam\Interfaces\IClientEngine.h">
      <Filter>Header Files</Filter>
    </ClInclude>
    <ClInclude Include="steam\Interfaces\IClientFriends.h">
      <Filter>Header Files</Filter>
    </ClInclude>
    <ClInclude Include="steam\Interfaces\IClientGameCoordinator.h">
      <Filter>Header Files</Filter>
    </ClInclude>
    <ClInclude Include="steam\Interfaces\IClientGameServer.h">
      <Filter>Header Files</Filter>
    </ClInclude>
    <ClInclude Include="steam\Interfaces\IClientGameServerStats.h">
      <Filter>Header Files</Filter>
    </ClInclude>
    <ClInclude Include="steam\Interfaces\IClientGameStats.h">
      <Filter>Header Files</Filter>
    </ClInclude>
    <ClInclude Include="steam\Interfaces\IClientHTTP.h">
      <Filter>Header Files</Filter>
    </ClInclude>
    <ClInclude Include="steam\Interfaces\IClientMasterServerUpdater.h">
      <Filter>Header Files</Filter>
    </ClInclude>
    <ClInclude Include="steam\Interfaces\IClientMatchmaking.h">
      <Filter>Header Files</Filter>
    </ClInclude>
    <ClInclude Include="steam\Interfaces\IClientMatchmakingServers.h">
      <Filter>Header Files</Filter>
    </ClInclude>
    <ClInclude Include="steam\Interfaces\IClientMusic.h">
      <Filter>Header Files</Filter>
    </ClInclude>
    <ClInclude Include="steam\Interfaces\IClientNetworkDeviceManager.h">
      <Filter>Header Files</Filter>
    </ClInclude>
    <ClInclude Include="steam\Interfaces\IClientNetworking.h">
      <Filter>Header Files</Filter>
    </ClInclude>
    <ClInclude Include="steam\Interfaces\IClientProductBuilder.h">
      <Filter>Header Files</Filter>
    </ClInclude>
    <ClInclude Include="steam\Interfaces\IClientRemoteStorage.h">
      <Filter>Header Files</Filter>
    </ClInclude>
    <ClInclude Include="steam\Interfaces\IClientScreenshots.h">
      <Filter>Header Files</Filter>
    </ClInclude>
    <ClInclude Include="steam\Interfaces\IClientShortcuts.h">
      <Filter>Header Files</Filter>
    </ClInclude>
    <ClInclude Include="steam\Interfaces\IClientStreamClient.h">
      <Filter>Header Files</Filter>
    </ClInclude>
    <ClInclude Include="steam\Interfaces\IClientStreamLauncher.h">
      <Filter>Header Files</Filter>
    </ClInclude>
    <ClInclude Include="steam\Interfaces\IClientUGC.h">
      <Filter>Header Files</Filter>
    </ClInclude>
    <ClInclude Include="steam\Interfaces\IClientUnifiedMessages.h">
      <Filter>Header Files</Filter>
    </ClInclude>
    <ClInclude Include="steam\Interfaces\IClientUser.h">
      <Filter>Header Files</Filter>
    </ClInclude>
    <ClInclude Include="steam\Interfaces\IClientUserStats.h">
      <Filter>Header Files</Filter>
    </ClInclude>
    <ClInclude Include="steam\Interfaces\IClientUtils.h">
      <Filter>Header Files</Filter>
    </ClInclude>
    <ClInclude Include="steam\Interfaces\Interface_OSW.h">
      <Filter>Header Files</Filter>
    </ClInclude>
    <ClInclude Include="steam\Interfaces\ISteam003.h">
      <Filter>Header Files</Filter>
    </ClInclude>
    <ClInclude Include="steam\Interfaces\ISteam004.h">
      <Filter>Header Files</Filter>
    </ClInclude>
    <ClInclude Include="steam\Interfaces\ISteam005.h">
      <Filter>Header Files</Filter>
    </ClInclude>
    <ClInclude Include="steam\Interfaces\ISteam006.h">
      <Filter>Header Files</Filter>
    </ClInclude>
    <ClInclude Include="steam\Interfaces\ISteam2Bridge001.h">
      <Filter>Header Files</Filter>
    </ClInclude>
    <ClInclude Include="steam\Interfaces\ISteam2Bridge002.h">
      <Filter>Header Files</Filter>
    </ClInclude>
    <ClInclude Include="steam\Interfaces\ISteamAppList001.h">
      <Filter>Header Files</Filter>
    </ClInclude>
    <ClInclude Include="steam\Interfaces\ISteamApps005.h">
      <Filter>Header Files</Filter>
    </ClInclude>
    <ClInclude Include="steam\Interfaces\ISteamAppTicket001.h">
      <Filter>Header Files</Filter>
    </ClInclude>
    <ClInclude Include="steam\Interfaces\ISteamBilling001.h">
      <Filter>Header Files</Filter>
    </ClInclude>
    <ClInclude Include="steam\Interfaces\ISteamBilling002.h">
      <Filter>Header Files</Filter>
    </ClInclude>
    <ClInclude Include="steam\Interfaces\ISteamClient012.h">
      <Filter>Header Files</Filter>
    </ClInclude>
    <ClInclude Include="steam\Interfaces\ISteamContentServer002.h">
      <Filter>Header Files</Filter>
    </ClInclude>
    <ClInclude Include="steam\Interfaces\ISteamController001.h">
      <Filter>Header Files</Filter>
    </ClInclude>
    <ClInclude Include="steam\Interfaces\ISteamFriends013.h">
      <Filter>Header Files</Filter>
    </ClInclude>
    <ClInclude Include="steam\Interfaces\ISteamGameCoordinator001.h">
      <Filter>Header Files</Filter>
    </ClInclude>
    <ClInclude Include="steam\Interfaces\ISteamGameServer011.h">
      <Filter>Header Files</Filter>
    </ClInclude>
    <ClInclude Include="steam\Interfaces\ISteamGameServerStats001.h">
      <Filter>Header Files</Filter>
    </ClInclude>
    <ClInclude Include="steam\Interfaces\ISteamGameStats001.h">
      <Filter>Header Files</Filter>
    </ClInclude>
    <ClInclude Include="steam\Interfaces\ISteamHTTP001.h">
      <Filter>Header Files</Filter>
    </ClInclude>
    <ClInclude Include="steam\Interfaces\ISteamMasterServerUpdater001.h">
      <Filter>Header Files</Filter>
    </ClInclude>
    <ClInclude Include="steam\Interfaces\ISteamMatchmaking009.h">
      <Filter>Header Files</Filter>
    </ClInclude>
    <ClInclude Include="steam\Interfaces\ISteamMatchmakingServers001.h">
      <Filter>Header Files</Filter>
    </ClInclude>
    <ClInclude Include="steam\Interfaces\ISteamMatchmakingServers002.h">
      <Filter>Header Files</Filter>
    </ClInclude>
    <ClInclude Include="steam\Interfaces\ISteamMusic001.h">
      <Filter>Header Files</Filter>
    </ClInclude>
    <ClInclude Include="steam\Interfaces\ISteamNetworking005.h">
      <Filter>Header Files</Filter>
    </ClInclude>
    <ClInclude Include="steam\Interfaces\ISteamOAuth001.h">
      <Filter>Header Files</Filter>
    </ClInclude>
    <ClInclude Include="steam\Interfaces\ISteamRemoteStorage008.h">
      <Filter>Header Files</Filter>
    </ClInclude>
    <ClInclude Include="steam\Interfaces\ISteamScreenshots001.h">
      <Filter>Header Files</Filter>
    </ClInclude>
    <ClInclude Include="steam\Interfaces\ISteamScreenshots002.h">
      <Filter>Header Files</Filter>
    </ClInclude>
    <ClInclude Include="steam\Interfaces\ISteamStreamLauncher001.h">
      <Filter>Header Files</Filter>
    </ClInclude>
    <ClInclude Include="steam\Interfaces\ISteamUGC001.h">
      <Filter>Header Files</Filter>
    </ClInclude>
    <ClInclude Include="steam\Interfaces\ISteamUGC002.h">
      <Filter>Header Files</Filter>
    </ClInclude>
    <ClInclude Include="steam\Interfaces\ISteamUnifiedMessages001.h">
      <Filter>Header Files</Filter>
    </ClInclude>
    <ClInclude Include="steam\Interfaces\ISteamUser004.h">
      <Filter>Header Files</Filter>
    </ClInclude>
    <ClInclude Include="steam\Interfaces\ISteamUser005.h">
      <Filter>Header Files</Filter>
    </ClInclude>
    <ClInclude Include="steam\Interfaces\ISteamUser006.h">
      <Filter>Header Files</Filter>
    </ClInclude>
    <ClInclude Include="steam\Interfaces\ISteamUser007.h">
      <Filter>Header Files</Filter>
    </ClInclude>
    <ClInclude Include="steam\Interfaces\ISteamUser008.h">
      <Filter>Header Files</Filter>
    </ClInclude>
    <ClInclude Include="steam\Interfaces\ISteamUser009.h">
      <Filter>Header Files</Filter>
    </ClInclude>
    <ClInclude Include="steam\Interfaces\ISteamUser010.h">
      <Filter>Header Files</Filter>
    </ClInclude>
    <ClInclude Include="steam\Interfaces\ISteamUser011.h">
      <Filter>Header Files</Filter>
    </ClInclude>
    <ClInclude Include="steam\Interfaces\ISteamUser012.h">
      <Filter>Header Files</Filter>
    </ClInclude>
    <ClInclude Include="steam\Interfaces\ISteamUser013.h">
      <Filter>Header Files</Filter>
    </ClInclude>
    <ClInclude Include="steam\Interfaces\ISteamUser014.h">
      <Filter>Header Files</Filter>
    </ClInclude>
    <ClInclude Include="steam\Interfaces\ISteamUser015.h">
      <Filter>Header Files</Filter>
    </ClInclude>
    <ClInclude Include="steam\Interfaces\ISteamUser016.h">
      <Filter>Header Files</Filter>
    </ClInclude>
    <ClInclude Include="steam\Interfaces\ISteamUser017.h">
      <Filter>Header Files</Filter>
    </ClInclude>
    <ClInclude Include="steam\Interfaces\ISteamUserStats001.h">
      <Filter>Header Files</Filter>
    </ClInclude>
    <ClInclude Include="steam\Interfaces\ISteamUserStats002.h">
      <Filter>Header Files</Filter>
    </ClInclude>
    <ClInclude Include="steam\Interfaces\ISteamUserStats003.h">
      <Filter>Header Files</Filter>
    </ClInclude>
    <ClInclude Include="steam\Interfaces\ISteamUserStats004.h">
      <Filter>Header Files</Filter>
    </ClInclude>
    <ClInclude Include="steam\Interfaces\ISteamUserStats005.h">
      <Filter>Header Files</Filter>
    </ClInclude>
    <ClInclude Include="steam\Interfaces\ISteamUserStats006.h">
      <Filter>Header Files</Filter>
    </ClInclude>
    <ClInclude Include="steam\Interfaces\ISteamUserStats007.h">
      <Filter>Header Files</Filter>
    </ClInclude>
    <ClInclude Include="steam\Interfaces\ISteamUserStats008.h">
      <Filter>Header Files</Filter>
    </ClInclude>
    <ClInclude Include="steam\Interfaces\ISteamUserStats009.h">
      <Filter>Header Files</Filter>
    </ClInclude>
    <ClInclude Include="steam\Interfaces\ISteamUserStats010.h">
      <Filter>Header Files</Filter>
    </ClInclude>
    <ClInclude Include="steam\Interfaces\ISteamUserStats011.h">
      <Filter>Header Files</Filter>
    </ClInclude>
    <ClInclude Include="steam\Interfaces\ISteamUtils001.h">
      <Filter>Header Files</Filter>
    </ClInclude>
    <ClInclude Include="steam\Interfaces\ISteamUtils002.h">
      <Filter>Header Files</Filter>
    </ClInclude>
    <ClInclude Include="steam\Interfaces\ISteamUtils003.h">
      <Filter>Header Files</Filter>
    </ClInclude>
    <ClInclude Include="steam\Interfaces\ISteamUtils004.h">
      <Filter>Header Files</Filter>
    </ClInclude>
    <ClInclude Include="steam\Interfaces\ISteamUtils005.h">
      <Filter>Header Files</Filter>
    </ClInclude>
    <ClInclude Include="steam\Interfaces\ISteamUtils006.h">
      <Filter>Header Files</Filter>
    </ClInclude>
    <ClInclude Include="steam\Interfaces\ISteamUtils007.h">
      <Filter>Header Files</Filter>
    </ClInclude>
    <ClInclude Include="steam\Interfaces\SteamClient.h">
      <Filter>Header Files</Filter>
    </ClInclude>
    <ClInclude Include="steam\SteamTypes\CGameID.h">
      <Filter>Header Files</Filter>
    </ClInclude>
    <ClInclude Include="steam\SteamTypes\CSteamAPIContext.h">
      <Filter>Header Files</Filter>
    </ClInclude>
    <ClInclude Include="steam\SteamTypes\CSteamID.h">
      <Filter>Header Files</Filter>
    </ClInclude>
    <ClInclude Include="steam\SteamTypes\ECurrencyCode.h">
      <Filter>Header Files</Filter>
    </ClInclude>
    <ClInclude Include="steam\SteamTypes\EResult.h">
      <Filter>Header Files</Filter>
    </ClInclude>
    <ClInclude Include="steam\SteamTypes\ESteamAppUpdateStatsQueryType.h">
      <Filter>Header Files</Filter>
    </ClInclude>
    <ClInclude Include="steam\SteamTypes\ESteamBufferMethod.h">
      <Filter>Header Files</Filter>
    </ClInclude>
    <ClInclude Include="steam\SteamTypes\ESteamError.h">
      <Filter>Header Files</Filter>
    </ClInclude>
    <ClInclude Include="steam\SteamTypes\ESteamFindFilter.h">
      <Filter>Header Files</Filter>
    </ClInclude>
    <ClInclude Include="steam\SteamTypes\ESteamNotify.h">
      <Filter>Header Files</Filter>
    </ClInclude>
    <ClInclude Include="steam\SteamTypes\ESteamPaymentCardType.h">
      <Filter>Header Files</Filter>
    </ClInclude>
    <ClInclude Include="steam\SteamTypes\ESteamSeekMethod.h">
      <Filter>Header Files</Filter>
    </ClInclude>
    <ClInclude Include="steam\SteamTypes\ESteamServerType.h">
      <Filter>Header Files</Filter>
    </ClInclude>
    <ClInclude Include="steam\SteamTypes\ESteamSubscriptionBillingInfoType.h">
      <Filter>Header Files</Filter>
    </ClInclude>
    <ClInclude Include="steam\SteamTypes\ESteamSubscriptionStatus.h">
      <Filter>Header Files</Filter>
    </ClInclude>
    <ClInclude Include="steam\SteamTypes\EVoiceResult.h">
      <Filter>Header Files</Filter>
    </ClInclude>
    <ClInclude Include="steam\SteamTypes\FriendGameInfo.h">
      <Filter>Header Files</Filter>
    </ClInclude>
    <ClInclude Include="steam\SteamTypes\gameserveritem.h">
      <Filter>Header Files</Filter>
    </ClInclude>
    <ClInclude Include="steam\SteamTypes\MatchMakingKeyValuePair.h">
      <Filter>Header Files</Filter>
    </ClInclude>
    <ClInclude Include="steam\SteamTypes\servernetadr.h">
      <Filter>Header Files</Filter>
    </ClInclude>
    <ClInclude Include="steam\SteamTypes\SteamSalt.h">
      <Filter>Header Files</Filter>
    </ClInclude>
    <ClInclude Include="steam\SteamTypes\SteamTypes.h">
      <Filter>Header Files</Filter>
    </ClInclude>
    <ClInclude Include="steam\SteamTypes\Steamworks.h">
      <Filter>Header Files</Filter>
    </ClInclude>
    <ClInclude Include="steam\SteamTypes\TSteamApp.h">
      <Filter>Header Files</Filter>
    </ClInclude>
    <ClInclude Include="steam\SteamTypes\TSteamAppDependencyInfo.h">
      <Filter>Header Files</Filter>
    </ClInclude>
    <ClInclude Include="steam\SteamTypes\TSteamAppLaunchOption.h">
      <Filter>Header Files</Filter>
    </ClInclude>
    <ClInclude Include="steam\SteamTypes\TSteamAppStats.h">
      <Filter>Header Files</Filter>
    </ClInclude>
    <ClInclude Include="steam\SteamTypes\TSteamAppVersion.h">
      <Filter>Header Files</Filter>
    </ClInclude>
    <ClInclude Include="steam\SteamTypes\TSteamDiscountQualifier.h">
      <Filter>Header Files</Filter>
    </ClInclude>
    <ClInclude Include="steam\SteamTypes\TSteamElemInfo.h">
      <Filter>Header Files</Filter>
    </ClInclude>
    <ClInclude Include="steam\SteamTypes\TSteamError.h">
      <Filter>Header Files</Filter>
    </ClInclude>
    <ClInclude Include="steam\SteamTypes\TSteamExternalBillingInfo.h">
      <Filter>Header Files</Filter>
    </ClInclude>
    <ClInclude Include="steam\SteamTypes\TSteamGlobalUserID.h">
      <Filter>Header Files</Filter>
    </ClInclude>
    <ClInclude Include="steam\SteamTypes\TSteamOfflineStatus.h">
      <Filter>Header Files</Filter>
    </ClInclude>
    <ClInclude Include="steam\SteamTypes\TSteamPaymentCardInfo.h">
      <Filter>Header Files</Filter>
    </ClInclude>
    <ClInclude Include="steam\SteamTypes\TSteamPaymentCardReceiptInfo.h">
      <Filter>Header Files</Filter>
    </ClInclude>
    <ClInclude Include="steam\SteamTypes\TSteamPrepurchaseInfo.h">
      <Filter>Header Files</Filter>
    </ClInclude>
    <ClInclude Include="steam\SteamTypes\TSteamPrepurchaseReceiptInfo.h">
      <Filter>Header Files</Filter>
    </ClInclude>
    <ClInclude Include="steam\SteamTypes\TSteamProgress.h">
      <Filter>Header Files</Filter>
    </ClInclude>
    <ClInclude Include="steam\SteamTypes\TSteamSplitLocalUserID.h">
      <Filter>Header Files</Filter>
    </ClInclude>
    <ClInclude Include="steam\SteamTypes\TSteamSubscription.h">
      <Filter>Header Files</Filter>
    </ClInclude>
    <ClInclude Include="steam\SteamTypes\TSteamSubscriptionBillingInfo.h">
      <Filter>Header Files</Filter>
    </ClInclude>
    <ClInclude Include="steam\SteamTypes\TSteamSubscriptionDiscount.h">
      <Filter>Header Files</Filter>
    </ClInclude>
    <ClInclude Include="steam\SteamTypes\TSteamSubscriptionReceipt.h">
      <Filter>Header Files</Filter>
    </ClInclude>
    <ClInclude Include="steam\SteamTypes\TSteamSubscriptionStats.h">
      <Filter>Header Files</Filter>
    </ClInclude>
    <ClInclude Include="steam\SteamTypes\TSteamUpdateStats.h">
      <Filter>Header Files</Filter>
    </ClInclude>
    <ClInclude Include="steam\SteamWrappers\SteamApps.h">
      <Filter>Header Files</Filter>
    </ClInclude>
    <ClInclude Include="steam\SteamWrappers\SteamClasses.h">
      <Filter>Header Files</Filter>
    </ClInclude>
    <ClInclude Include="steam\SteamWrappers\SteamClient.h">
      <Filter>Header Files</Filter>
    </ClInclude>
    <ClInclude Include="steam\SteamWrappers\SteamContentServer.h">
      <Filter>Header Files</Filter>
    </ClInclude>
    <ClInclude Include="steam\SteamWrappers\SteamFriends.h">
      <Filter>Header Files</Filter>
    </ClInclude>
    <ClInclude Include="steam\SteamWrappers\SteamGameCoordinator.h">
      <Filter>Header Files</Filter>
    </ClInclude>
    <ClInclude Include="steam\SteamWrappers\SteamGameServer.h">
      <Filter>Header Files</Filter>
    </ClInclude>
    <ClInclude Include="steam\SteamWrappers\SteamGameServerStats.h">
      <Filter>Header Files</Filter>
    </ClInclude>
    <ClInclude Include="steam\SteamWrappers\SteamGameStats.h">
      <Filter>Header Files</Filter>
    </ClInclude>
    <ClInclude Include="steam\SteamWrappers\SteamHTTP.h">
      <Filter>Header Files</Filter>
    </ClInclude>
    <ClInclude Include="steam\SteamWrappers\SteamMasterServerUpdater.h">
      <Filter>Header Files</Filter>
    </ClInclude>
    <ClInclude Include="steam\SteamWrappers\SteamMatchmaking.h">
      <Filter>Header Files</Filter>
    </ClInclude>
    <ClInclude Include="steam\SteamWrappers\SteamMatchmakingServers.h">
      <Filter>Header Files</Filter>
    </ClInclude>
    <ClInclude Include="steam\SteamWrappers\SteamNetworking.h">
      <Filter>Header Files</Filter>
    </ClInclude>
    <ClInclude Include="steam\SteamWrappers\SteamRemoteStorage.h">
      <Filter>Header Files</Filter>
    </ClInclude>
    <ClInclude Include="steam\SteamWrappers\SteamUser.h">
      <Filter>Header Files</Filter>
    </ClInclude>
    <ClInclude Include="steam\SteamWrappers\SteamUserStats.h">
      <Filter>Header Files</Filter>
    </ClInclude>
    <ClInclude Include="steam\SteamWrappers\SteamUtils.h">
      <Filter>Header Files</Filter>
    </ClInclude>
    <ClInclude Include="steam\Classes\ProxiedClasses.h">
      <Filter>Header Files</Filter>
    </ClInclude>
    <ClInclude Include="steam\Classes\ProxiedGameCoordinator.h">
      <Filter>Header Files</Filter>
    </ClInclude>
    <ClInclude Include="steam\Classes\ProxiedGameServer.h">
      <Filter>Header Files</Filter>
    </ClInclude>
    <ClInclude Include="steam\Classes\ProxiedGameServerStats.h">
      <Filter>Header Files</Filter>
    </ClInclude>
    <ClInclude Include="steam\Classes\ProxiedGameStats.h">
      <Filter>Header Files</Filter>
    </ClInclude>
    <ClInclude Include="steam\Classes\ProxiedHTTP.h">
      <Filter>Header Files</Filter>
    </ClInclude>
    <ClInclude Include="steam\Classes\ProxiedMasterServerUpdater.h">
      <Filter>Header Files</Filter>
    </ClInclude>
    <ClInclude Include="steam\Classes\ProxiedMatchmaking.h">
      <Filter>Header Files</Filter>
    </ClInclude>
    <ClInclude Include="steam\Classes\ProxiedMatchmakingServers.h">
      <Filter>Header Files</Filter>
    </ClInclude>
    <ClInclude Include="steam\Classes\ProxiedNetworking.h">
      <Filter>Header Files</Filter>
    </ClInclude>
    <ClInclude Include="steam\Classes\ProxiedRemoteStorage.h">
      <Filter>Header Files</Filter>
    </ClInclude>
    <ClInclude Include="steam\Classes\ProxiedUser.h">
      <Filter>Header Files</Filter>
    </ClInclude>
    <ClInclude Include="steam\Classes\ProxiedUserStats.h">
      <Filter>Header Files</Filter>
    </ClInclude>
    <ClInclude Include="steam\Classes\ProxiedUtils.h">
      <Filter>Header Files</Filter>
    </ClInclude>
    <ClInclude Include="steam\stdinc.h">
      <Filter>Header Files</Filter>
    </ClInclude>
    <ClInclude Include="steam\SteamCallback.h">
      <Filter>Header Files</Filter>
    </ClInclude>
    <ClInclude Include="steam\Steam.h">
      <Filter>Header Files</Filter>
    </ClInclude>
    <ClInclude Include="steam\SteamCommon.h">
      <Filter>Header Files</Filter>
    </ClInclude>
    <ClInclude Include="steam\InterfaceManager.h">
      <Filter>Header Files</Filter>
    </ClInclude>
  </ItemGroup>
  <ItemGroup>
    <ClCompile Include="dllmain.cpp">
      <Filter>Source Files</Filter>
    </ClCompile>
    <ClCompile Include="pch.cpp">
      <Filter>Source Files</Filter>
    </ClCompile>
    <ClCompile Include="core.cpp">
      <Filter>Source Files</Filter>
    </ClCompile>
    <ClCompile Include="patches.cpp">
      <Filter>Source Files</Filter>
    </ClCompile>
    <ClCompile Include="memory.cpp">
      <Filter>Source Files</Filter>
    </ClCompile>
    <ClCompile Include="logging.cpp">
      <Filter>Source Files</Filter>
    </ClCompile>
    <ClCompile Include="hooking.cpp">
      <Filter>Source Files</Filter>
    </ClCompile>
    <ClCompile Include="filesystem.cpp">
      <Filter>Source Files</Filter>
    </ClCompile>
    <ClCompile Include="util.cpp">
      <Filter>Source Files</Filter>
    </ClCompile>
    <ClCompile Include="demonware.cpp">
      <Filter>Source Files</Filter>
    </ClCompile>
    <ClCompile Include="ceg.cpp">
      <Filter>Source Files</Filter>
    </ClCompile>
    <ClCompile Include="steam\api.cpp">
      <Filter>Source Files</Filter>
    </ClCompile>
    <ClCompile Include="steam\SteamWrappers\SteamApps.cpp">
      <Filter>Source Files</Filter>
    </ClCompile>
    <ClCompile Include="steam\SteamWrappers\SteamClient.cpp">
      <Filter>Source Files</Filter>
    </ClCompile>
    <ClCompile Include="steam\SteamWrappers\SteamContentServer.cpp">
      <Filter>Source Files</Filter>
    </ClCompile>
    <ClCompile Include="steam\SteamWrappers\SteamFriends.cpp">
      <Filter>Source Files</Filter>
    </ClCompile>
    <ClCompile Include="steam\SteamWrappers\SteamGameCoordinator.cpp">
      <Filter>Source Files</Filter>
    </ClCompile>
    <ClCompile Include="steam\SteamWrappers\SteamGameServer.cpp">
      <Filter>Source Files</Filter>
    </ClCompile>
    <ClCompile Include="steam\SteamWrappers\SteamGameServerStats.cpp">
      <Filter>Source Files</Filter>
    </ClCompile>
    <ClCompile Include="steam\SteamWrappers\SteamGameStats.cpp">
      <Filter>Source Files</Filter>
    </ClCompile>
    <ClCompile Include="steam\SteamWrappers\SteamHTTP.cpp">
      <Filter>Source Files</Filter>
    </ClCompile>
    <ClCompile Include="steam\SteamWrappers\SteamMasterServerUpdater.cpp">
      <Filter>Source Files</Filter>
    </ClCompile>
    <ClCompile Include="steam\SteamWrappers\SteamMatchmaking.cpp">
      <Filter>Source Files</Filter>
    </ClCompile>
    <ClCompile Include="steam\SteamWrappers\SteamMatchmakingServers.cpp">
      <Filter>Source Files</Filter>
    </ClCompile>
    <ClCompile Include="steam\SteamWrappers\SteamNetworking.cpp">
      <Filter>Source Files</Filter>
    </ClCompile>
    <ClCompile Include="steam\SteamWrappers\SteamRemoteStorage.cpp">
      <Filter>Source Files</Filter>
    </ClCompile>
    <ClCompile Include="steam\SteamWrappers\SteamUser.cpp">
      <Filter>Source Files</Filter>
    </ClCompile>
    <ClCompile Include="steam\SteamWrappers\SteamUserStats.cpp">
      <Filter>Source Files</Filter>
    </ClCompile>
    <ClCompile Include="steam\SteamWrappers\SteamUtils.cpp">
      <Filter>Source Files</Filter>
    </ClCompile>
    <ClCompile Include="steam\Classes\ProxiedGameCoordinator.cpp">
      <Filter>Source Files</Filter>
    </ClCompile>
    <ClCompile Include="steam\Classes\ProxiedGameServer.cpp">
      <Filter>Source Files</Filter>
    </ClCompile>
    <ClCompile Include="steam\Classes\ProxiedGameServerStats.cpp">
      <Filter>Source Files</Filter>
    </ClCompile>
    <ClCompile Include="steam\Classes\ProxiedGameStats.cpp">
      <Filter>Source Files</Filter>
    </ClCompile>
    <ClCompile Include="steam\Classes\ProxiedHTTP.cpp">
      <Filter>Source Files</Filter>
    </ClCompile>
    <ClCompile Include="steam\Classes\ProxiedMasterServerUpdater.cpp">
      <Filter>Source Files</Filter>
    </ClCompile>
    <ClCompile Include="steam\Classes\ProxiedMatchmaking.cpp">
      <Filter>Source Files</Filter>
    </ClCompile>
    <ClCompile Include="steam\Classes\ProxiedMatchmakingServers.cpp">
      <Filter>Source Files</Filter>
    </ClCompile>
    <ClCompile Include="steam\Classes\ProxiedNetworking.cpp">
      <Filter>Source Files</Filter>
    </ClCompile>
    <ClCompile Include="steam\Classes\ProxiedRemoteStorage.cpp">
      <Filter>Source Files</Filter>
    </ClCompile>
    <ClCompile Include="steam\Classes\ProxiedUser.cpp">
      <Filter>Source Files</Filter>
    </ClCompile>
    <ClCompile Include="steam\Classes\ProxiedUserStats.cpp">
      <Filter>Source Files</Filter>
    </ClCompile>
    <ClCompile Include="steam\Classes\ProxiedUtils.cpp">
      <Filter>Source Files</Filter>
    </ClCompile>
    <ClCompile Include="steam\SteamCommon.cpp">
      <Filter>Source Files</Filter>
    </ClCompile>
    <ClCompile Include="steam\InterfaceManager.cpp">
      <Filter>Source Files</Filter>
    </ClCompile>
    <ClCompile Include="steam\SteamCallback.cpp">
      <Filter>Source Files</Filter>
    </ClCompile>
  </ItemGroup>
</Project>